
Microsoft Visual Studio Solution File, Format Version 12.00
# Visual Studio Version 16
VisualStudioVersion = 16.0.31313.79
MinimumVisualStudioVersion = 10.0.40219.1
Project("{FAE04EC0-301F-11D3-BF4B-00C04F79EFBC}") = "Web_ProgV", "Web_ProgV\Web_ProgV.csproj", "{09D3BF36-932D-4D15-AA5C-82E7AA7BBA87}"
EndProject
Global
	GlobalSection(SolutionConfigurationPlatforms) = preSolution
		Debug|Any CPU = Debug|Any CPU
		Release|Any CPU = Release|Any CPU
	EndGlobalSection
	GlobalSection(ProjectConfigurationPlatforms) = postSolution
		{09D3BF36-932D-4D15-AA5C-82E7AA7BBA87}.Debug|Any CPU.ActiveCfg = Debug|Any CPU
		{09D3BF36-932D-4D15-AA5C-82E7AA7BBA87}.Debug|Any CPU.Build.0 = Debug|Any CPU
		{09D3BF36-932D-4D15-AA5C-82E7AA7BBA87}.Release|Any CPU.ActiveCfg = Release|Any CPU
		{09D3BF36-932D-4D15-AA5C-82E7AA7BBA87}.Release|Any CPU.Build.0 = Release|Any CPU
	EndGlobalSection
	GlobalSection(SolutionProperties) = preSolution
		HideSolutionNode = FALSE
	EndGlobalSection
	GlobalSection(ExtensibilityGlobals) = postSolution
		SolutionGuid = {E87F9A87-6924-4749-99DC-02FB19657A2D}
	EndGlobalSection
EndGlobal
